<?xml version="1.0" encoding="utf-8"?>
<Project ToolsVersion="4.0" xmlns="http://schemas.microsoft.com/developer/msbuild/2003">
  <ItemGroup>
    <ClCompile Include="Main\Main.cpp" />
    <ClCompile Include="Logger\Logger.cpp" />
    <ClCompile Include="Http\Http.cpp" />
    <ClCompile Include="Functions\Functions.cpp" />
    <ClCompile Include="Network\Network.cpp" />
    <ClCompile Include="Network\Handler.cpp" />
    <ClCompile Include="Packets\Packets.cpp" />
    <ClCompile Include="Player\Player.cpp" />
    <ClCompile Include="Items\Items.cpp" />
    <ClCompile Include="Lua\Lua.cpp" />
  </ItemGroup>
  <ItemGroup>
    <ClInclude Include="Logger\Logger.hpp" />
    <ClInclude Include="Http\Http.hpp" />
    <ClInclude Include="Main\Config.hpp" />
    <ClInclude Include="Functions\Functions.hpp" />
    <ClInclude Include="Network\Network.hpp" />
    <ClInclude Include="Network\Handler.hpp" />
    <ClInclude Include="Packets\Packets.hpp" />
    <ClInclude Include="Network\NET_MESSAGE_GAME_PACKET\PACKET_CALL_FUNCTION.hpp" />
    <ClInclude Include="Network\NET_MESSAGE_GAME_PACKET\PACKET_SEND_INVENTORY_STATE.hpp" />
    <ClInclude Include="Player\Player.hpp" />
    <ClInclude Include="Network\NET_MESSAGE_GAME_PACKET\PACKET_STATE.hpp" />
    <ClInclude Include="Network\NET_MESSAGE_GAME_PACKET\PACKET_MODIFY_ITEM_INVENTORY.hpp" />
    <ClInclude Include="Network\NET_MESSAGE_GAME_PACKET\PACKET_TILE_CHANGE_REQUEST.hpp" />
    <ClInclude Include="Items\Items.hpp" />
    <ClInclude Include="Network\NET_MESSAGE_GAME_PACKET\PACKET_SEND_MAP_DATA.hpp" />
    <ClInclude Include="Network\NET_MESSAGE_GENERIC_TEXT\COMMANDS.hpp" />
    <ClInclude Include="Network\NET_MESSAGE_GENERIC_TEXT\PROXY_DIALOGS.hpp" />
    <ClInclude Include="Network\NET_MESSAGE_GENERIC_TEXT\WRENCH.hpp" />
    <ClInclude Include="Lua\Lua.hpp" />
    <ClInclude Include="Network\Socks5.hpp" />
  </ItemGroup>
</Project>